schema: '2.0'
stages:
  data_ingestion:
    cmd: python src/data/data_ingestion.py
    deps:
    - path: data/raw/WA_Fn-UseC_-HR-Employee-Attrition.csv
      hash: md5
      md5: ad8207459e5732574372cf8ff619883f
      size: 227977
    - path: src/data/data_ingestion.py
      hash: md5
      md5: 53d6787f2f0233706b853935c00f3086
      size: 2738
    params:
      params.yaml:
        data_ingestion.test_size: 0.25
    outs:
    - path: data/raw/test.csv
      hash: md5
      md5: 98bea228f1ba0e684dd7503d0c23483b
      size: 57438
    - path: data/raw/train.csv
      hash: md5
      md5: 0b11fd24ac0409dd8b3d1c9c330d2c10
      size: 171050
  data_preprocessing:
    cmd: python src/data/data_preprocessing.py
    deps:
    - path: data/raw/test.csv
      hash: md5
      md5: 98bea228f1ba0e684dd7503d0c23483b
      size: 57438
    - path: data/raw/train.csv
      hash: md5
      md5: 0b11fd24ac0409dd8b3d1c9c330d2c10
      size: 171050
    - path: src/data/data_preprocessing.py
      hash: md5
      md5: 9c2dce2c43ef5c5b71366621da987ec5
      size: 6739
    outs:
    - path: data/interim/test_processed.csv
      hash: md5
      md5: f1f809c7031735ff9bdf683b0865cc01
      size: 132826
    - path: data/interim/train_processed.csv
      hash: md5
      md5: 90b8d38614225755d22a712df9fdc580
      size: 396143
  feature_engineering:
    cmd: python src/features/feature_engineering.py
    deps:
    - path: data/interim/test_processed.csv
      hash: md5
      md5: f1f809c7031735ff9bdf683b0865cc01
      size: 132826
    - path: data/interim/train_processed.csv
      hash: md5
      md5: 90b8d38614225755d22a712df9fdc580
      size: 396143
    - path: src/features/feature_engineering.py
      hash: md5
      md5: c1f350ed9055e851dae781f725d1b35a
      size: 7447
    params:
      params.yaml:
        feature_engineering.max_features: 4000
    outs:
    - path: data/processed/test_features.csv
      hash: md5
      md5: 858246d4e0b5360c6ac393a53d7101cb
      size: 356616
    - path: data/processed/train_features.csv
      hash: md5
      md5: 08b06403f4925496676d016a993a9931
      size: 1066084
    - path: models/scaler.pkl
      hash: md5
      md5: 47fb868751392e54140c5080708f8761
      size: 2761
  model_building:
    cmd: python src/model/model_building.py
    deps:
    - path: data/processed/train_features.csv
      hash: md5
      md5: 08b06403f4925496676d016a993a9931
      size: 1066084
    - path: src/model/model_building.py
      hash: md5
      md5: 32e9b582df0098fe4889f88a81173c7f
      size: 4777
    params:
      params.yaml:
        model_building.max_depth: 6
        model_building.min_samples_leaf: 4
        model_building.min_samples_split: 5
        model_building.n_estimators: 100
        model_building.random_state: 42
    outs:
    - path: models/model.pkl
      hash: md5
      md5: ad63f2ae730417a01bd7364f6f3df768
      size: 591141
  model_evaluation:
    cmd: python src/model/model_evaluation.py
    deps:
    - path: data/processed/test_features.csv
      hash: md5
      md5: 858246d4e0b5360c6ac393a53d7101cb
      size: 356616
    - path: models/model.pkl
      hash: md5
      md5: ad63f2ae730417a01bd7364f6f3df768
      size: 591141
    - path: src/model/model_evaluation.py
      hash: md5
      md5: aaeb03f208b962ebd9326c4d6590bf8a
      size: 6596
    outs:
    - path: reports/experiment_info.json
      hash: md5
      md5: be3bc87f3d254358af79305578c1eaef
      size: 82
    - path: reports/metrics.json
      hash: md5
      md5: cea86bf15f0fcdbe85cddee171ed4b93
      size: 122
  register_model:
    cmd: python src/model/register_model.py
    deps:
    - path: reports/experiment_info.json
      hash: md5
      md5: be3bc87f3d254358af79305578c1eaef
      size: 82
    - path: src/model/register_model.py
      hash: md5
      md5: 7163d7a93ab9a585c06af59c3ed57198
      size: 4357
